
Microsoft Visual Studio Solution File, Format Version 12.00
# Visual Studio 15
VisualStudioVersion = 15.0.28307.757
MinimumVisualStudioVersion = 10.0.40219.1
Project("{8BC9CEB8-8B4A-11D0-8D11-00A0C91BC942}") = "foo_listenbrainz", "foo_listenbrainz\foo_listenbrainz.vcxproj", "{95C8AB42-DB6C-4B30-81EB-35BC2E5CDCD6}"
EndProject
Project("{8BC9CEB8-8B4A-11D0-8D11-00A0C91BC942}") = "jansson", "vendor\jansson.vcxproj", "{0FA012FD-5F73-4355-AA30-C85E3AE90A97}"
EndProject
Project("{8BC9CEB8-8B4A-11D0-8D11-00A0C91BC942}") = "pfc", "vendor\foobar2000_sdk\pfc\pfc.vcxproj", "{EBFFFB4E-261D-44D3-B89C-957B31A0BF9C}"
EndProject
Project("{8BC9CEB8-8B4A-11D0-8D11-00A0C91BC942}") = "libPPUI", "vendor\foobar2000_sdk\libPPUI\libPPUI.vcxproj", "{7729EB82-4069-4414-964B-AD399091A03F}"
EndProject
Project("{2150E333-8FDC-42A3-9474-1A3956D46DE8}") = "vendor", "vendor", "{76E36F80-2B95-454E-9ED1-EAEF8B641B0C}"
EndProject
Project("{2150E333-8FDC-42A3-9474-1A3956D46DE8}") = "foobar2000_sdk", "foobar2000_sdk", "{69CD651A-85E1-44DD-832E-1F5B224D2004}"
EndProject
Project("{8BC9CEB8-8B4A-11D0-8D11-00A0C91BC942}") = "foobar2000_component_client", "vendor\foobar2000_sdk\foobar2000\foobar2000_component_client\foobar2000_component_client.vcxproj", "{71AD2674-065B-48F5-B8B0-E1F9D3892081}"
EndProject
Project("{8BC9CEB8-8B4A-11D0-8D11-00A0C91BC942}") = "foobar2000_sdk_helpers", "vendor\foobar2000_sdk\foobar2000\helpers\foobar2000_sdk_helpers.vcxproj", "{EE47764E-A202-4F85-A767-ABDAB4AFF35F}"
EndProject
Project("{8BC9CEB8-8B4A-11D0-8D11-00A0C91BC942}") = "foobar2000_SDK", "vendor\foobar2000_sdk\foobar2000\SDK\foobar2000_SDK.vcxproj", "{E8091321-D79D-4575-86EF-064EA1A4A20D}"
EndProject
Global
	GlobalSection(SolutionConfigurationPlatforms) = preSolution
		Debug FB2K|x64 = Debug FB2K|x64
		Debug FB2K|x86 = Debug FB2K|x86
		Debug|x64 = Debug|x64
		Debug|x86 = Debug|x86
		Release FB2K|x64 = Release FB2K|x64
		Release FB2K|x86 = Release FB2K|x86
		Release|x64 = Release|x64
		Release|x86 = Release|x86
	EndGlobalSection
	GlobalSection(ProjectConfigurationPlatforms) = postSolution
		{95C8AB42-DB6C-4B30-81EB-35BC2E5CDCD6}.Debug FB2K|x64.ActiveCfg = Debug|x64
		{95C8AB42-DB6C-4B30-81EB-35BC2E5CDCD6}.Debug FB2K|x64.Build.0 = Debug|x64
		{95C8AB42-DB6C-4B30-81EB-35BC2E5CDCD6}.Debug FB2K|x86.ActiveCfg = Debug|Win32
		{95C8AB42-DB6C-4B30-81EB-35BC2E5CDCD6}.Debug FB2K|x86.Build.0 = Debug|Win32
		{95C8AB42-DB6C-4B30-81EB-35BC2E5CDCD6}.Debug|x64.ActiveCfg = Debug|x64
		{95C8AB42-DB6C-4B30-81EB-35BC2E5CDCD6}.Debug|x64.Build.0 = Debug|x64
		{95C8AB42-DB6C-4B30-81EB-35BC2E5CDCD6}.Debug|x86.ActiveCfg = Debug|Win32
		{95C8AB42-DB6C-4B30-81EB-35BC2E5CDCD6}.Debug|x86.Build.0 = Debug|Win32
		{95C8AB42-DB6C-4B30-81EB-35BC2E5CDCD6}.Release FB2K|x64.ActiveCfg = Release|x64
		{95C8AB42-DB6C-4B30-81EB-35BC2E5CDCD6}.Release FB2K|x64.Build.0 = Release|x64
		{95C8AB42-DB6C-4B30-81EB-35BC2E5CDCD6}.Release FB2K|x86.ActiveCfg = Release|Win32
		{95C8AB42-DB6C-4B30-81EB-35BC2E5CDCD6}.Release FB2K|x86.Build.0 = Release|Win32
		{95C8AB42-DB6C-4B30-81EB-35BC2E5CDCD6}.Release|x64.ActiveCfg = Release|x64
		{95C8AB42-DB6C-4B30-81EB-35BC2E5CDCD6}.Release|x64.Build.0 = Release|x64
		{95C8AB42-DB6C-4B30-81EB-35BC2E5CDCD6}.Release|x86.ActiveCfg = Release|Win32
		{95C8AB42-DB6C-4B30-81EB-35BC2E5CDCD6}.Release|x86.Build.0 = Release|Win32
		{0FA012FD-5F73-4355-AA30-C85E3AE90A97}.Debug FB2K|x64.ActiveCfg = Debug|x64
		{0FA012FD-5F73-4355-AA30-C85E3AE90A97}.Debug FB2K|x64.Build.0 = Debug|x64
		{0FA012FD-5F73-4355-AA30-C85E3AE90A97}.Debug FB2K|x86.ActiveCfg = Debug|Win32
		{0FA012FD-5F73-4355-AA30-C85E3AE90A97}.Debug FB2K|x86.Build.0 = Debug|Win32
		{0FA012FD-5F73-4355-AA30-C85E3AE90A97}.Debug|x64.ActiveCfg = Debug|x64
		{0FA012FD-5F73-4355-AA30-C85E3AE90A97}.Debug|x64.Build.0 = Debug|x64
		{0FA012FD-5F73-4355-AA30-C85E3AE90A97}.Debug|x86.ActiveCfg = Debug|Win32
		{0FA012FD-5F73-4355-AA30-C85E3AE90A97}.Debug|x86.Build.0 = Debug|Win32
		{0FA012FD-5F73-4355-AA30-C85E3AE90A97}.Release FB2K|x64.ActiveCfg = Release|x64
		{0FA012FD-5F73-4355-AA30-C85E3AE90A97}.Release FB2K|x64.Build.0 = Release|x64
		{0FA012FD-5F73-4355-AA30-C85E3AE90A97}.Release FB2K|x86.ActiveCfg = Release|Win32
		{0FA012FD-5F73-4355-AA30-C85E3AE90A97}.Release FB2K|x86.Build.0 = Release|Win32
		{0FA012FD-5F73-4355-AA30-C85E3AE90A97}.Release|x64.ActiveCfg = Release|x64
		{0FA012FD-5F73-4355-AA30-C85E3AE90A97}.Release|x64.Build.0 = Release|x64
		{0FA012FD-5F73-4355-AA30-C85E3AE90A97}.Release|x86.ActiveCfg = Release|Win32
		{0FA012FD-5F73-4355-AA30-C85E3AE90A97}.Release|x86.Build.0 = Release|Win32
		{EBFFFB4E-261D-44D3-B89C-957B31A0BF9C}.Debug FB2K|x64.ActiveCfg = Debug FB2K|x64
		{EBFFFB4E-261D-44D3-B89C-957B31A0BF9C}.Debug FB2K|x64.Build.0 = Debug FB2K|x64
		{EBFFFB4E-261D-44D3-B89C-957B31A0BF9C}.Debug FB2K|x86.ActiveCfg = Debug FB2K|Win32
		{EBFFFB4E-261D-44D3-B89C-957B31A0BF9C}.Debug FB2K|x86.Build.0 = Debug FB2K|Win32
		{EBFFFB4E-261D-44D3-B89C-957B31A0BF9C}.Debug|x64.ActiveCfg = Debug|x64
		{EBFFFB4E-261D-44D3-B89C-957B31A0BF9C}.Debug|x64.Build.0 = Debug|x64
		{EBFFFB4E-261D-44D3-B89C-957B31A0BF9C}.Debug|x86.ActiveCfg = Debug|Win32
		{EBFFFB4E-261D-44D3-B89C-957B31A0BF9C}.Debug|x86.Build.0 = Debug|Win32
		{EBFFFB4E-261D-44D3-B89C-957B31A0BF9C}.Release FB2K|x64.ActiveCfg = Release FB2K|x64
		{EBFFFB4E-261D-44D3-B89C-957B31A0BF9C}.Release FB2K|x64.Build.0 = Release FB2K|x64
		{EBFFFB4E-261D-44D3-B89C-957B31A0BF9C}.Release FB2K|x86.ActiveCfg = Release FB2K|Win32
		{EBFFFB4E-261D-44D3-B89C-957B31A0BF9C}.Release FB2K|x86.Build.0 = Release FB2K|Win32
		{EBFFFB4E-261D-44D3-B89C-957B31A0BF9C}.Release|x64.ActiveCfg = Release|x64
		{EBFFFB4E-261D-44D3-B89C-957B31A0BF9C}.Release|x64.Build.0 = Release|x64
		{EBFFFB4E-261D-44D3-B89C-957B31A0BF9C}.Release|x86.ActiveCfg = Release|Win32
		{EBFFFB4E-261D-44D3-B89C-957B31A0BF9C}.Release|x86.Build.0 = Release|Win32
		{7729EB82-4069-4414-964B-AD399091A03F}.Debug FB2K|x64.ActiveCfg = Debug|x64
		{7729EB82-4069-4414-964B-AD399091A03F}.Debug FB2K|x64.Build.0 = Debug|x64
		{7729EB82-4069-4414-964B-AD399091A03F}.Debug FB2K|x86.ActiveCfg = Debug|Win32
		{7729EB82-4069-4414-964B-AD399091A03F}.Debug FB2K|x86.Build.0 = Debug|Win32
		{7729EB82-4069-4414-964B-AD399091A03F}.Debug|x64.ActiveCfg = Debug|x64
		{7729EB82-4069-4414-964B-AD399091A03F}.Debug|x64.Build.0 = Debug|x64
		{7729EB82-4069-4414-964B-AD399091A03F}.Debug|x86.ActiveCfg = Debug|Win32
		{7729EB82-4069-4414-964B-AD399091A03F}.Debug|x86.Build.0 = Debug|Win32
		{7729EB82-4069-4414-964B-AD399091A03F}.Release FB2K|x64.ActiveCfg = Release|x64
		{7729EB82-4069-4414-964B-AD399091A03F}.Release FB2K|x64.Build.0 = Release|x64
		{7729EB82-4069-4414-964B-AD399091A03F}.Release FB2K|x86.ActiveCfg = Release|Win32
		{7729EB82-4069-4414-964B-AD399091A03F}.Release FB2K|x86.Build.0 = Release|Win32
		{7729EB82-4069-4414-964B-AD399091A03F}.Release|x64.ActiveCfg = Release|x64
		{7729EB82-4069-4414-964B-AD399091A03F}.Release|x64.Build.0 = Release|x64
		{7729EB82-4069-4414-964B-AD399091A03F}.Release|x86.ActiveCfg = Release|Win32
		{7729EB82-4069-4414-964B-AD399091A03F}.Release|x86.Build.0 = Release|Win32
		{71AD2674-065B-48F5-B8B0-E1F9D3892081}.Debug FB2K|x64.ActiveCfg = Release|Win32
		{71AD2674-065B-48F5-B8B0-E1F9D3892081}.Debug FB2K|x64.Build.0 = Release|Win32
		{71AD2674-065B-48F5-B8B0-E1F9D3892081}.Debug FB2K|x86.ActiveCfg = Debug|Win32
		{71AD2674-065B-48F5-B8B0-E1F9D3892081}.Debug FB2K|x86.Build.0 = Debug|Win32
		{71AD2674-065B-48F5-B8B0-E1F9D3892081}.Debug|x64.ActiveCfg = Debug|Win32
		{71AD2674-065B-48F5-B8B0-E1F9D3892081}.Debug|x86.ActiveCfg = Debug|Win32
		{71AD2674-065B-48F5-B8B0-E1F9D3892081}.Debug|x86.Build.0 = Debug|Win32
		{71AD2674-065B-48F5-B8B0-E1F9D3892081}.Release FB2K|x64.ActiveCfg = Release|Win32
		{71AD2674-065B-48F5-B8B0-E1F9D3892081}.Release FB2K|x64.Build.0 = Release|Win32
		{71AD2674-065B-48F5-B8B0-E1F9D3892081}.Release FB2K|x86.ActiveCfg = Release|Win32
		{71AD2674-065B-48F5-B8B0-E1F9D3892081}.Release FB2K|x86.Build.0 = Release|Win32
		{71AD2674-065B-48F5-B8B0-E1F9D3892081}.Release|x64.ActiveCfg = Release|Win32
		{71AD2674-065B-48F5-B8B0-E1F9D3892081}.Release|x86.ActiveCfg = Release|Win32
		{71AD2674-065B-48F5-B8B0-E1F9D3892081}.Release|x86.Build.0 = Release|Win32
		{EE47764E-A202-4F85-A767-ABDAB4AFF35F}.Debug FB2K|x64.ActiveCfg = Release|Win32
		{EE47764E-A202-4F85-A767-ABDAB4AFF35F}.Debug FB2K|x64.Build.0 = Release|Win32
		{EE47764E-A202-4F85-A767-ABDAB4AFF35F}.Debug FB2K|x86.ActiveCfg = Debug|Win32
		{EE47764E-A202-4F85-A767-ABDAB4AFF35F}.Debug FB2K|x86.Build.0 = Debug|Win32
		{EE47764E-A202-4F85-A767-ABDAB4AFF35F}.Debug|x64.ActiveCfg = Debug|Win32
		{EE47764E-A202-4F85-A767-ABDAB4AFF35F}.Debug|x86.ActiveCfg = Debug|Win32
		{EE47764E-A202-4F85-A767-ABDAB4AFF35F}.Debug|x86.Build.0 = Debug|Win32
		{EE47764E-A202-4F85-A767-ABDAB4AFF35F}.Release FB2K|x64.ActiveCfg = Release|Win32
		{EE47764E-A202-4F85-A767-ABDAB4AFF35F}.Release FB2K|x64.Build.0 = Release|Win32
		{EE47764E-A202-4F85-A767-ABDAB4AFF35F}.Release FB2K|x86.ActiveCfg = Release|Win32
		{EE47764E-A202-4F85-A767-ABDAB4AFF35F}.Release FB2K|x86.Build.0 = Release|Win32
		{EE47764E-A202-4F85-A767-ABDAB4AFF35F}.Release|x64.ActiveCfg = Release|Win32
		{EE47764E-A202-4F85-A767-ABDAB4AFF35F}.Release|x86.ActiveCfg = Release|Win32
		{EE47764E-A202-4F85-A767-ABDAB4AFF35F}.Release|x86.Build.0 = Release|Win32
		{E8091321-D79D-4575-86EF-064EA1A4A20D}.Debug FB2K|x64.ActiveCfg = Release|Win32
		{E8091321-D79D-4575-86EF-064EA1A4A20D}.Debug FB2K|x64.Build.0 = Release|Win32
		{E8091321-D79D-4575-86EF-064EA1A4A20D}.Debug FB2K|x86.ActiveCfg = Debug|Win32
		{E8091321-D79D-4575-86EF-064EA1A4A20D}.Debug FB2K|x86.Build.0 = Debug|Win32
		{E8091321-D79D-4575-86EF-064EA1A4A20D}.Debug|x64.ActiveCfg = Debug|Win32
		{E8091321-D79D-4575-86EF-064EA1A4A20D}.Debug|x86.ActiveCfg = Debug|Win32
		{E8091321-D79D-4575-86EF-064EA1A4A20D}.Debug|x86.Build.0 = Debug|Win32
		{E8091321-D79D-4575-86EF-064EA1A4A20D}.Release FB2K|x64.ActiveCfg = Release|Win32
		{E8091321-D79D-4575-86EF-064EA1A4A20D}.Release FB2K|x64.Build.0 = Release|Win32
		{E8091321-D79D-4575-86EF-064EA1A4A20D}.Release FB2K|x86.ActiveCfg = Release|Win32
		{E8091321-D79D-4575-86EF-064EA1A4A20D}.Release FB2K|x86.Build.0 = Release|Win32
		{E8091321-D79D-4575-86EF-064EA1A4A20D}.Release|x64.ActiveCfg = Release|Win32
		{E8091321-D79D-4575-86EF-064EA1A4A20D}.Release|x86.ActiveCfg = Release|Win32
		{E8091321-D79D-4575-86EF-064EA1A4A20D}.Release|x86.Build.0 = Release|Win32
	EndGlobalSection
	GlobalSection(SolutionProperties) = preSolution
		HideSolutionNode = FALSE
	EndGlobalSection
	GlobalSection(NestedProjects) = preSolution
		{0FA012FD-5F73-4355-AA30-C85E3AE90A97} = {76E36F80-2B95-454E-9ED1-EAEF8B641B0C}
		{EBFFFB4E-261D-44D3-B89C-957B31A0BF9C} = {69CD651A-85E1-44DD-832E-1F5B224D2004}
		{7729EB82-4069-4414-964B-AD399091A03F} = {69CD651A-85E1-44DD-832E-1F5B224D2004}
		{69CD651A-85E1-44DD-832E-1F5B224D2004} = {76E36F80-2B95-454E-9ED1-EAEF8B641B0C}
		{71AD2674-065B-48F5-B8B0-E1F9D3892081} = {69CD651A-85E1-44DD-832E-1F5B224D2004}
		{EE47764E-A202-4F85-A767-ABDAB4AFF35F} = {69CD651A-85E1-44DD-832E-1F5B224D2004}
		{E8091321-D79D-4575-86EF-064EA1A4A20D} = {69CD651A-85E1-44DD-832E-1F5B224D2004}
	EndGlobalSection
	GlobalSection(ExtensibilityGlobals) = postSolution
		SolutionGuid = {E5205AF8-F576-4B04-81CE-5D90A44D4213}
	EndGlobalSection
EndGlobal
